annotated-types==0.8.0 \
    --hash=sha256:13b2beaad985e05e2d6407ee4c4f35590b11f8d693a258a561055cac8f64cab7 \
    --hash=sha256:f072f4d804ea359e4eaf198b1af7a8b0943881a87f31bb764f8bf219bb9419e0
    # via pydantic
anyio==4.15.1 \
    --hash=sha256:6152fdbbf9a77fdec97731721bebf7c4c44f7c29b424b0065826173efc7ed101 \
    --hash=sha256:9f28306018cbd6d329e64a36d58256edff76dd996fe423bc957326e578b82a94
    # via
    #   httpx
    #   starlette
argon2-cffi==23.1.0 \
    --hash=sha256:879c3e79a2729ce768ebb7d36d4609e3a78a4ca2ec3a9f12286ca057e3d0db08 \
    --hash=sha256:c670642b78ba29641818ab2e68bd4e6a78ba53b7eff7b4c3815ae16abf91c7ea
    # via -r requirements.in
argon2-cffi-bindings==26.1.0 \
    --hash=sha256:061a6919145bbf282ebf1f9c59d3135d4833c25313c8595c0d68cf7712ddfce2 \
    --hash=sha256:0cc40f7b4050bb93eb67de95d2d759322fc7ce4930b9d645581ecf4913ec651e \
    --hash=sha256:151dfaad9de753f4af2a7854e707e4784f2acc434340ade64239c5b104b2d605 \
    --hash=sha256:19423e5d7ac1cc354baab59eaabf18db2ec04ef6593b5abe5a34f323c4a8f87a \
    --hash=sha256:19b562b1de4b9052ef1214a2821c44b6e6f22945daa102c32ae4eff929d8b6d8 \
    --hash=sha256:1a0a29ed86960e44eaace7e081bdfab4f08b012fd96ec8edba71e2ad020939e4 \
    --hash=sha256:1af817e84578ef8b7295ad17de0f9896e4c8520dbf2233c7aa5aa3d487256fc4 \
    --hash=sha256:1b0bcac4d490a237e18cf91f57352920c29f77f2fa39efd0813fb81298bf17ba \
    --hash=sha256:1d98e33bd8bd67d7206c124e200bf2229c4cfa8c9c19f7b44a897f0fc71837eb \
    --hash=sha256:21ca0396fe5ec995dd54431c32698189666f9224810acfa752e50d2bd94d9df2 \
    --hash=sha256:224865cbbcb7a2bd1356741dff12b0134df726b6d44bb7b500df8e303cbd9e81 \
    --hash=sha256:242bb0cda2ae3650764fc194593d9ea45fc9e72729acd89778c7cfe184cec2a5 \
    --hash=sha256:27f1821903e2ceadcb88ec2b45ef190897b7682449c772f4d9b53e42c520cf29 \
    --hash=sha256:28524438cd3e723f25412f63d4fd516ff5bae9ae5aa56acbe2a1404398a0cf31 \
    --hash=sha256:2b741888c93147444fdfc851abd81cc207f37f7f7da42062a00deb3888e57da8 \
    --hash=sha256:2c36ff87b5dfaa477d0bd51e9d7f6abdae7c8955d2983c97419085d842154b3e \
    --hash=sha256:34b7d9c24a4165a2c61cc8ae11d44d48c9ce2830fb536cb7914e11fdd9962728 \
    --hash=sha256:49d525938467d52c923a890153c99087c9d5a937d1f6b585dbdba34ec82e397a \
    --hash=sha256:4f84cdd868978d7b7350a566c254042d44216d9e37f241f3a6d3b1dfebeede35 \
    --hash=sha256:62ff20cd130c956c7c9144d5fe35228f98b51c579b2439e988b27ef93e16c02a \
    --hash=sha256:63505c71542a44b68b1e38060450fb006404170da375feb31af153e7f9c6205d \
    --hash=sha256:6376d4b3aca039375ca8bf92f770da0ec424a1ce3a37077a8d3c557411aa56ca \
    --hash=sha256:6a4e68eed961a8de6928d1c17ff3dc2a547e0e923c17f8f1cd79fb7bc9502f98 \
    --hash=sha256:6ab674f668d5962a3a4136ae0812519b0f1586874263723a32181d60d64137e1 \
    --hash=sha256:7014ab7e6f5d8511af92544667a0346ea6dfc314ea9a7cad1dba9fdb5c9a6e33 \
    --hash=sha256:76ae29acace5d33355344612844d588e19deaaba4639d8bb01601e4b1418ef36 \
    --hash=sha256:78de2d65e0b9ea7ce9d1b1c3e87297b2d7305a02c266ee2a2d6910daddd7ee69 \
    --hash=sha256:9bacedc04b0402837586a17f0919e3dfdd95291f441f1f56bd80ec274c2840a1 \
    --hash=sha256:a86c069c91a747a2c4e5c51473590aeb48172fff9b2130d23729a42d98665ecb \
    --hash=sha256:ac82fc756a446b6ccd7139ce70efa9d8bbe541e7ad579a12dcb52764b7175c5f \
    --hash=sha256:af11ac37a7c53dc16cb7950a6190851b0870fe218b6c60c0bb7ac355234e3083 \
    --hash=sha256:b70225b5fd1e0d2ef4f7fd30d24658454535f0924dff0caca5dc08efbbbadfbb \
    --hash=sha256:c49e853a3bef9dd10329f31f702e7fa9b5c58229ff9c2ff6d069efaf09177c08 \
    --hash=sha256:ccaf0a46cbb380f1fd102a874e32aa629fd3cb0c0e94f4943fa1f6d5edc5dac6 \
    --hash=sha256:d157ddfab1e8b21f2f1dedda9c09645d98b5ed0b667b0626be600a345d426440 \
    --hash=sha256:d88e5f7e60f28ae0b0cc6b2f16c43e87cd642a196a86f85e0d8bb6fe016fc16d \
    --hash=sha256:db0fcd827ca61622a01b220aadfbece01939acf53888f2cb98cd93e9b1e2c97e \
    --hash=sha256:df612391feca41c44d20118f3b88d1b86419465cd1f5496859f715ca60ec2210 \
    --hash=sha256:f0c3103fcff20183e593459cfea6e012281c0e76ae3ed8b5565ad1b92eac3990 \
    --hash=sha256:f9c4420a7a864fe1b86ce35befc95b8e39fb852493b81cf798671ddc265de638 \
    --hash=sha256:ffff613aaa9ce6236766e2fc6dc560bb5abde7a2e2416e3db1f9ae395a2b4dd4
    # via argon2-cffi
certifi==2026.7.22 \
    --hash=sha256:62f22742b58a1a33014a2b6b706588a8d7e2a88ae7bd1a6ebe8c992928483775 \
    --hash=sha256:741e2c3b351ddf169a738da9f2c048608ff7f2c5cc02f1ebc6b118bb090d5d55
    # via
    #   httpcore
    #   httpx
cffi==2.1.1 \
    --hash=sha256:046bfc24911b37851ee1b51aab8bffe713d89c68c6a057b09484ce9fd5f69b4e \
    --hash=sha256:06c72bb76605a4b0cd0aad6930b69d4baf7dd5d806cfc409b824191099700e66 \
    --hash=sha256:0beceaabe56af686895136a2de78db54ecd8e4046b236b8fd6d6cb61389e9bf2 \
    --hash=sha256:154852545011f779917b11c78db2358d095da62a9a172b78ad0a583ee5adc0d0 \
    --hash=sha256:194cffa889098ced9976c3fc6340305e43f6303657d298da55366907c05c22d6 \
    --hash=sha256:19ee6127ee34de7d83ce3d371ebc5ed91addbdcc39f9ab15ce4eb35a4e534971 \
    --hash=sha256:1a18a57b58cfb21fc28d72e876acf10eaed67a1ed96226f92af4df681d571c4c \
    --hash=sha256:1aa5645c30469b09530c4ebca77ebf8f17618293c58f8549cb1a543a50236e7d \
    --hash=sha256:1dea0e4d7d4f11f619fe8c1d76caf49e24405b4b5743c0e3be16a500ecd930c9 \
    --hash=sha256:208f941bb9d18e768138677f0a6d2ce01f590df56043dda1df1535ac57c88517 \
    --hash=sha256:210019b6c7cf07f081b4c54635c8cf744377001350e29cc0f81c4377b4797735 \
    --hash=sha256:246fa40ce8645a614ff682e0b70f37134e460eaf93a775e0cbe3cca585a67a80 \
    --hash=sha256:25792eac27877609e7bb06d42ff88278a6624fff2ba9bbb523c09616b117e80f \
    --hash=sha256:27350daa11d4f10c540e6e89dada4c54feb7256ad03e9a4dc075ebad7ba360d1 \
    --hash=sha256:28907ab9bfb6aa13184cfc17c6b8e1023c5ab6fd7076d8c20a35e59fe04f8f29 \
    --hash=sha256:2ae64be792b8966f2c69538199728b290e34726562896df1e5dc8ffd8d8188e8 \
    --hash=sha256:31348097ff5bbe827ccc41795d4dd099d9f0625e7def00ee653c137a490c2a6c \
    --hash=sha256:3143d81e29e1e20a9ce10901ec369012947876596f75a222235965f2b7ae832e \
    --hash=sha256:3222ba5d678f80a030e6afbcc33dc1ae5cb45facabb61cee2c7016b8432fde48 \
    --hash=sha256:3311ed60d36f83378794e1009ac6258bafbf81f7888b4caa7b35a521e3f95813 \
    --hash=sha256:334644fbac4eff73d985a17a91226df55d0f394160c4cfb880e084c8f7161cac \
    --hash=sha256:34e261f78cb6ceaaa36f42f2613f4380d94d9c759a9c73c769ee6e0247364632 \
    --hash=sha256:363e05fa78e15116c3c32c210ee36884fd6b9afa6d440e47112c3bd511d64cb6 \
    --hash=sha256:398aff33cee2767e3e781d2554c54bd0dff386bb437581e0d8011fde1a942ec1 \
    --hash=sha256:3d22a20b1fb1632cc72c22f95f7b0d2961c3e1c235f245ba4c606c4771035659 \
    --hash=sha256:42a494cee34437f05546455144f2b5d9ac09b1face62bcfce597d2e521066688 \
    --hash=sha256:42e2f76b9455f5a9a844f770bf3e200ed3da0e15f5df3db9c31fe80b04b3d004 \
    --hash=sha256:42f6930c31dc7f50732c9ae793c2786c7b6b044195967bbdde40bb9be81c4cc0 \
    --hash=sha256:456a61fa52d579ebf9df2e9552ead5129855dbaff6c1e5a9b1bc408809bdc062 \
    --hash=sha256:471cee653ae88de62096552e6d24ccb4a5adb8c8c9f10b5054d0122c15bf2779 \
    --hash=sha256:49cbc70e6542d4ccccb936558d1064a8012541e78f821f955cff24e357776c94 \
    --hash=sha256:4a7c934f7360e8cd64fe9efadcbd10c7c6364f531e432b9a4bf5ccbc9e0e8b50 \
    --hash=sha256:4be96343e422f2dfcd12ab5c9f5aebe03f82f737c6bffeca6830b3875cb44aab \
    --hash=sha256:4f42141fc14250de6dde5ee7ea4432be017252d91f19c5ad043c084cea629cac \
    --hash=sha256:507a24c282e0f42f8ed737cf048572cbf580468da5555764a8331735e9c736b6 \
    --hash=sha256:51b31d1c98274844cfd7838ce00bfc27c7423a4dc00fc0772fc3331c2cc90676 \
    --hash=sha256:58acb8ab8e295e6c5ea12f888cbb13cf21511ef2a3303a23f4325c29d17fe5c1 \
    --hash=sha256:5a59cc1c4442bc3d5c703bf720b51138d0bfc173618807c9ee2490a7541dd3d9 \
    --hash=sha256:5bb4e7ea95dcd6a014a6fef62e62467d67d8e582326443f3d68e71d6320a9fcf \
    --hash=sha256:5c58fe613dc5e5336357eff555824a314d8e43282600435c8d1cb6a7a2fedd13 \
    --hash=sha256:5e7cecbaadb83884793e05828cee59b210b24583b9c7425d0ba6a754fe22eb4e \
    --hash=sha256:616f097f2fe415bc92a247f02e11f634e1f9e9a83d327e3c915c15089c87869e \
    --hash=sha256:63bbfd5ded17c4840ac07cd8f1c21ba9d9708141f840b324f422f41b207e3973 \
    --hash=sha256:64faea20f4e2613363a1a9b9c7dd73058f3ecd00133a511e72ad7c511658f527 \
    --hash=sha256:661c298b4821edebead0c91edd2b00374d67ad7c5a1f7a91d4442633b79d6a72 \
    --hash=sha256:68e62fe11f30d5ca8289242866f0a5291402d8529ca2178ab8afc5c9694ae890 \
    --hash=sha256:6a8dddef476fab96d066d578fc88526767b836ab5ab21754e1d5bf3879c31c7c \
    --hash=sha256:6e192623c49c94421616a5778fba35cf0d5a8d000650c1967ef4448ee5cdd990 \
    --hash=sha256:7225e4514edb64eb6740324353e0da0711954fd8d7da4576755b1c6e09b697cd \
    --hash=sha256:75f80557d1389eddbd0de2681f6a390a0c5338c31ddaa821381c203fc3fd50d9 \
    --hash=sha256:770de9db11e84213beec501cfcaa013b019820ca881e03344dea5844f7876d94 \
    --hash=sha256:7750c6449dff7864bb9bb27ddfb0267756189201a3afc911d82b3caacd70dfc3 \
    --hash=sha256:7bde5e4cc5c10140859842b9d383af292b22639a4dffb725314baf45968cef80 \
    --hash=sha256:7ce713ace7c0e4520535b42b77eaa742c16dab813978064913e5a3cf82973b41 \
    --hash=sha256:7da0c5eff80f0197f3b3d1232ec5a682a9325f4ae9016a78f5f5ca35f9ced1f5 \
    --hash=sha256:7dbb61fe3a7699468030f71bbe5f8a0e326a151daa91beb11a6fc1f980c55e1c \
    --hash=sha256:811bd1e21d32de12efca32393a0ab3f5133b54fce9bd44b8bd77ab07da14bf6a \
    --hash=sha256:8ef53b2de9bcb9197d31854256575d59dbac0cba72ac627bb291ef5eceb74be4 \
    --hash=sha256:937c0052c05a31ca1daf18de3158eed4dbfcb9cc107adbea227728d647be701e \
    --hash=sha256:9d2055050ea716bd38b7f7f1579c275386646b4894c155a3e2f3cd62ed41b7c6 \
    --hash=sha256:9f8d177621de5cb38ee3e731eda45d421db093ec0739f46a5594babda7987a98 \
    --hash=sha256:a2d7755bef5a12ed488f4ef1f1b69ee9191d7396083b755a5d2295f6edb4768b \
    --hash=sha256:a48d62ab9d6f4f98c983223a547af44be6ca3691074c31cecced6facd3ba2dc1 \
    --hash=sha256:a4f00aa42f75d6e4595e8866e748cc1705adc0cddfeb2ca86d0d03993d63ba03 \
    --hash=sha256:a6e721d4b0e45d5b65e87534470e67b18dcd092c83f68fba09f152b9cbc061af \
    --hash=sha256:a730a083190634c65cca36ba5f489531576ebd79bcd5c8e172130f6453127231 \
    --hash=sha256:a931079504ecc49efed7744c476a5c343a92fabf66dec2db95edb1b2fdc770e2 \
    --hash=sha256:aa9511c62d14da7aacc9b4bf51f3f697a621e83b2d6919008243c3aad168eea3 \
    --hash=sha256:ab36d55f9ed2d067327667c2fea18dda018eb628dd6347aa01dda6cf1f5d3836 \
    --hash=sha256:ad2c86c495b899d862ea0f4b42891b8713a3bd45dd4105c7fd51c2a72f39f3a5 \
    --hash=sha256:aeae0e330c9f6acd681f647d46cefd30c29f93e3392882e792e82080c9691399 \
    --hash=sha256:b0431303acaea1089ad4b3e9ce4e6518193def1118d4073ca848635ee4ea2e96 \
    --hash=sha256:b5bdfd1c873d4e093aabc0ca84c4ca6dbc4f752afb5c86f146d9742580c9da2e \
    --hash=sha256:baed1e86cc735622097354b9d1281406caf42ff42a886d29faa8e8d1630333be \
    --hash=sha256:c1453022f490d2459a11819d83ad1d586e9ff65a12ac3e705ffebd46d3685dcf \
    --hash=sha256:c26608d2222fb1e94487e4a387d85f13eb55d5ed725cb25a0c589ac4ee60e7bc \
    --hash=sha256:c7659f22557c5a0bc4855cd635f55edec690cc008a40768527762cb9fb263455 \
    --hash=sha256:c8c69575568085ba0b1b10c0249d779a214aea6f6522e949a0fc9fb0fcb449d0 \
    --hash=sha256:c8d2c9fd1f2d16f780d15127abb050d13d1a76c03a4bd87d7e4980e45e511e12 \
    --hash=sha256:ca82be1a1d406ecfe1d25dc16cb33488e5a16bf4438c9fb590484ea29d92478b \
    --hash=sha256:cc572dace3f60ef98d7b12ff411d20f5362feb31a0439eab0085bbfd349982d7 \
    --hash=sha256:d18e5ac0f2f03f4f518d3e23db0f0cad7faa1da8620e9c09461d443bbf6e6692 \
    --hash=sha256:d28630f5854ab07ab1fd4aba756de52326c82e6be15d414b12793f1975048b54 \
    --hash=sha256:d9c275eaacd24aa73f94ffd6de08fc3f932424d8b6c376f4bed7cde376fe7bc3 \
    --hash=sha256:da0e573f9f97159390c89d9f1a9e41908b66d408cc5b58d08cf3847d844c531b \
    --hash=sha256:dd31f52ea1086513bb9df30f8fcee9b8918323ae067a3d5b78bc826a000712be \
    --hash=sha256:dddad92b554513a31f272570678ba307fb9f618f05e3d4a5eacafff9eae03e1d \
    --hash=sha256:df423d40ee8654634421812bc3b196da3f9bd7d32929da813f8394c4348a5358 \
    --hash=sha256:df913725b79db7bcf03448f36b7bf8815363417d5b58deecf9305e3e30f0f21a \
    --hash=sha256:e0bcb7e0f677f543555d2adff3bf19c05f66cdb4796e5ff602442ab2fe3c4ef7 \
    --hash=sha256:e2d65b31f36619cda3999b78b2aa9632e76b78448e7a56fc4240824200e7c4fc \
    --hash=sha256:e6e8cff14d6fb0be70a09c0bdc58096f501952d04624ebf867e0e56da2df8960 \
    --hash=sha256:f16c709686a78c727bbbf059f92b0bf41c6fc60deec706d2dc19f529175a6125 \
    --hash=sha256:f24fb43132a4c6b4cb4eb029492919b2db645be6808d738f244fd146c03c32cb \
    --hash=sha256:f53e442b08449d42821fa4a4fba000095af9f62742a500f978a9f557ec44339a \
    --hash=sha256:f5cfbc5fe74540d335175b656c725d74d90e3730c626d92575eea35029d9afaa \
    --hash=sha256:f81b3b8f3d4e343550fa4baa0e479bba9f2d29ce9c2e9b51d1ce1718d7442fcf \
    --hash=sha256:f8ec5e643a9a937f64e1999eb9f75d072263751912dc5cd06d3c85f8f44be7c3 \
    --hash=sha256:fb92203a88b3d3053034db775110081c49d28be6551923805e039924093761e4 \
    --hash=sha256:fcd22650c908d7b7da162bbfaab594a1227a15d1643a98c68b122ac642fa2264
    # via
    #   argon2-cffi-bindings
    #   cryptography
click==8.5.0 \
    --hash=sha256:255bc9599cf7748b4b1a446ccc735421bd08a2ae529a8b88597d3de5664ee360 \
    --hash=sha256:ba0d2089de75ea0310e2dde03160e6ca10009947fb95a182f9b54021bb272e34
    # via uvicorn
cryptography==44.0.3 \
    --hash=sha256:02f55fb4f8b79c1221b0961488eaae21015b69b210e18c386b69de182ebb1259 \
    --hash=sha256:157f1f3b8d941c2bd8f3ffee0af9b049c9665c39d3da9db2dc338feca5e98a43 \
    --hash=sha256:192ed30fac1728f7587c6f4613c29c584abdc565d7417c13904708db10206645 \
    --hash=sha256:21a83f6f35b9cc656d71b5de8d519f566df01e660ac2578805ab245ffd8523f8 \
    --hash=sha256:25cd194c39fa5a0aa4169125ee27d1172097857b27109a45fadc59653ec06f44 \
    --hash=sha256:3883076d5c4cc56dbef0b898a74eb6992fdac29a7b9013870b34efe4ddb39a0d \
    --hash=sha256:3bb0847e6363c037df8f6ede57d88eaf3410ca2267fb12275370a76f85786a6f \
    --hash=sha256:3be3f649d91cb182c3a6bd336de8b61a0a71965bd13d1a04a0e15b39c3d5809d \
    --hash=sha256:3f07943aa4d7dad689e3bb1638ddc4944cc5e0921e3c227486daae0e31a05e54 \
    --hash=sha256:479d92908277bed6e1a1c69b277734a7771c2b78633c224445b5c60a9f4bc1d9 \
    --hash=sha256:4ffc61e8f3bf5b60346d89cd3d37231019c17a081208dfbbd6e1605ba03fa137 \
    --hash=sha256:5639c2b16764c6f76eedf722dbad9a0914960d3489c0cc38694ddf9464f1bb2f \
    --hash=sha256:58968d331425a6f9eedcee087f77fd3c927c88f55368f43ff7e0a19891f2642c \
    --hash=sha256:5d186f32e52e66994dce4f766884bcb9c68b8da62d61d9d215bfe5fb56d21334 \
    --hash=sha256:5d20cc348cca3a8aa7312f42ab953a56e15323800ca3ab0706b8cd452a3a056c \
    --hash=sha256:6866df152b581f9429020320e5eb9794c8780e90f7ccb021940d7f50ee00ae0b \
    --hash=sha256:7d5fe7195c27c32a64955740b949070f21cba664604291c298518d2e255931d2 \
    --hash=sha256:896530bc9107b226f265effa7ef3f21270f18a2026bc09fed1ebd7b66ddf6375 \
    --hash=sha256:962bc30480a08d133e631e8dfd4783ab71cc9e33d5d7c1e192f0b7c06397bb88 \
    --hash=sha256:978631ec51a6bbc0b7e58f23b68a8ce9e5f09721940933e9c217068388789fe5 \
    --hash=sha256:9b4d4a5dbee05a2c390bf212e78b99434efec37b17a4bff42f50285c5c8c9647 \
    --hash=sha256:ab0b005721cc0039e885ac3503825661bd9810b15d4f374e473f8c89b7d5460c \
    --hash=sha256:af653022a0c25ef2e3ffb2c673a50e5a0d02fecc41608f4954176f1933b12359 \
    --hash=sha256:b0cc66c74c797e1db750aaa842ad5b8b78e14805a9b5d1348dc603612d3e3ff5 \
    --hash=sha256:b424563394c369a804ecbee9b06dfb34997f19d00b3518e39f83a5642618397d \
    --hash=sha256:c138abae3a12a94c75c10499f1cbae81294a6f983b3af066390adee73f433028 \
    --hash=sha256:c6cd67722619e4d55fdb42ead64ed8843d64638e9c07f4011163e46bc512cf01 \
    --hash=sha256:c91fc8e8fd78af553f98bc7f2a1d8db977334e4eea302a4bfd75b9461c2d8904 \
    --hash=sha256:cad399780053fb383dc067475135e41c9fe7d901a97dd5d9c5dfb5611afc0d7d \
    --hash=sha256:cb90f60e03d563ca2445099edf605c16ed1d5b15182d21831f58460c48bffb93 \
    --hash=sha256:dad80b45c22e05b259e33ddd458e9e2ba099c86ccf4e88db7bbab4b747b18d06 \
    --hash=sha256:dd3db61b8fe5be220eee484a17233287d0be6932d056cf5738225b9c05ef4fff \
    --hash=sha256:e28d62e59a4dbd1d22e747f57d4f00c459af22181f0b2f787ea83f5a876d7c76 \
    --hash=sha256:e909df4053064a97f1e6565153ff8bb389af12c5c8d29c343308760890560aff \
    --hash=sha256:f3ffef566ac88f75967d7abd852ed5f182da252d23fac11b4766da3957766759 \
    --hash=sha256:fc3c9babc1e1faefd62704bb46a69f359a9819eb0292e40df3fb6e3574715cd4 \
    --hash=sha256:fe19d8bc5536a91a24a8133328880a41831b6c5df54599a8417b62fe015d3053
    # via -r requirements.in
fastapi==0.115.12 \
    --hash=sha256:1e2c2a2646905f9e83d32f04a3f86aff4a286669c6c950ca95b5fd68c2602681 \
    --hash=sha256:e94613d6c05e27be7ffebdd6ea5f388112e5e430c8f7d6494a9d1d88d43e814d
    # via -r requirements.in
h11==0.16.0 \
    --hash=sha256:4e35b956cf45792e4caa5885e69fba00bdbc6ffafbfa020300e549b208ee5ff1 \
    --hash=sha256:63cf8bbe7522de3bf65932fda1d9c2772064ffb3dae62d55932da54b31cb6c86
    # via
    #   httpcore
    #   uvicorn
httpcore==1.0.9 \
    --hash=sha256:2d400746a40668fc9dec9810239072b40b4484b640a8c38fd654a024c7a1bf55 \
    --hash=sha256:6e34463af53fd2ab5d807f399a9b45ea31c3dfa2276f15a2c3f00afff6e176e8
    # via httpx
httpx==0.28.1 \
    --hash=sha256:75e98c5f16b0f35b567856f597f06ff2270a374470a5c2392242528e3e3e42fc \
    --hash=sha256:d909fcccc110f8c7faf814ca82a9a4d816bc5a6dbfea25d6591d6985b8ba59ad
    # via -r requirements.in
idna==3.20 \
    --hash=sha256:a7db850025b95ded1eae8a46181a1a6c56c92c96f0e2b005d9ff8dc0210cab44 \
    --hash=sha256:ab7ae7122974553370f0bdb919e1a960b2cd1bc1ef0276416d896db81c14582c
    # via
    #   anyio
    #   httpx
importlib-resources==7.1.0 \
    --hash=sha256:0722d4c6212489c530f2a145a34c0a7a3b4721bc96a15fada5930e2a0b760708 \
    --hash=sha256:1bd7b48b4088eddb2cd16382150bb515af0bd2c70128194392725f82ad2c96a1
    # via wasmtime
nvidia-ml-py==12.575.51 \
    --hash=sha256:6490e93fea99eb4e966327ae18c6eec6256194c921f23459c8767aee28c54581 \
    --hash=sha256:eb8641800d98ce40a22f479873f34b482e214a7e80349c63be51c3919845446e
    # via -r requirements.in
pillow==11.2.1 \
    --hash=sha256:014ca0050c85003620526b0ac1ac53f56fc93af128f7546623cc8e31875ab928 \
    --hash=sha256:036e53f4170e270ddb8797d4c590e6dd14d28e15c7da375c18978045f7e6c37b \
    --hash=sha256:062b7a42d672c45a70fa1f8b43d1d38ff76b63421cbbe7f88146b39e8a558d91 \
    --hash=sha256:0c3e6d0f59171dfa2e25d7116217543310908dfa2770aa64b8f87605f8cacc97 \
    --hash=sha256:0c7b29dbd4281923a2bfe562acb734cee96bbb129e96e6972d315ed9f232bef4 \
    --hash=sha256:0f5c7eda47bf8e3c8a283762cab94e496ba977a420868cb819159980b6709193 \
    --hash=sha256:127bf6ac4a5b58b3d32fc8289656f77f80567d65660bc46f72c0d77e6600cc95 \
    --hash=sha256:14e33b28bf17c7a38eede290f77db7c664e4eb01f7869e37fa98a5aa95978941 \
    --hash=sha256:14f73f7c291279bd65fda51ee87affd7c1e097709f7fdd0188957a16c264601f \
    --hash=sha256:191955c55d8a712fab8934a42bfefbf99dd0b5875078240943f913bb66d46d9f \
    --hash=sha256:1d535df14716e7f8776b9e7fee118576d65572b4aad3ed639be9e4fa88a1cad3 \
    --hash=sha256:208653868d5c9ecc2b327f9b9ef34e0e42a4cdd172c2988fd81d62d2bc9bc044 \
    --hash=sha256:21e1470ac9e5739ff880c211fc3af01e3ae505859392bf65458c224d0bf283eb \
    --hash=sha256:225c832a13326e34f212d2072982bb1adb210e0cc0b153e688743018c94a2681 \
    --hash=sha256:25a5f306095c6780c52e6bbb6109624b95c5b18e40aab1c3041da3e9e0cd3e2d \
    --hash=sha256:2728567e249cdd939f6cc3d1f049595c66e4187f3c34078cbc0a7d21c47482d2 \
    --hash=sha256:2b490402c96f907a166615e9a5afacf2519e28295f157ec3a2bb9bd57de638cb \
    --hash=sha256:312c77b7f07ab2139924d2639860e084ec2a13e72af54d4f08ac843a5fc9c79d \
    --hash=sha256:31df6e2d3d8fc99f993fd253e97fae451a8db2e7207acf97859732273e108406 \
    --hash=sha256:35ca289f712ccfc699508c4658a1d14652e8033e9b69839edf83cbdd0ba39e70 \
    --hash=sha256:3692b68c87096ac6308296d96354eddd25f98740c9d2ab54e1549d6c8aea9d79 \
    --hash=sha256:36d6b82164c39ce5482f649b437382c0fb2395eabc1e2b1702a6deb8ad647d6e \
    --hash=sha256:39ad2e0f424394e3aebc40168845fee52df1394a4673a6ee512d840d14ab3013 \
    --hash=sha256:3e645b020f3209a0181a418bffe7b4a93171eef6c4ef6cc20980b30bebf17b7d \
    --hash=sha256:3fe735ced9a607fee4f481423a9c36701a39719252a9bb251679635f99d0f7d2 \
    --hash=sha256:4b835d89c08a6c2ee7781b8dd0a30209a8012b5f09c0a665b65b0eb3560b6f36 \
    --hash=sha256:4d375eb838755f2528ac8cbc926c3e31cc49ca4ad0cf79cff48b20e30634a4a7 \
    --hash=sha256:4eb92eca2711ef8be42fd3f67533765d9fd043b8c80db204f16c8ea62ee1a751 \
    --hash=sha256:5119225c622403afb4b44bad4c1ca6c1f98eed79db8d3bc6e4e160fc6339d66c \
    --hash=sha256:562d11134c97a62fe3af29581f083033179f7ff435f78392565a1ad2d1c2c45c \
    --hash=sha256:598174aef4589af795f66f9caab87ba4ff860ce08cd5bb447c6fc553ffee603c \
    --hash=sha256:63b5dff3a68f371ea06025a1a6966c9a1e1ee452fc8020c2cd0ea41b83e9037b \
    --hash=sha256:6ebce70c3f486acf7591a3d73431fa504a4e18a9b97ff27f5f47b7368e4b9dd1 \
    --hash=sha256:738db0e0941ca0376804d4de6a782c005245264edaa253ffce24e5a15cbdc7bd \
    --hash=sha256:7491cf8a79b8eb867d419648fff2f83cb0b3891c8b36da92cc7f1931d46108c8 \
    --hash=sha256:74ee3d7ecb3f3c05459ba95eed5efa28d6092d751ce9bf20e3e253a4e497e691 \
    --hash=sha256:750f96efe0597382660d8b53e90dd1dd44568a8edb51cb7f9d5d918b80d4de14 \
    --hash=sha256:78092232a4ab376a35d68c4e6d5e00dfd73454bd12b230420025fbe178ee3b0b \
    --hash=sha256:78afba22027b4accef10dbd5eed84425930ba41b3ea0a86fa8d20baaf19d807f \
    --hash=sha256:7bdb5e09068332578214cadd9c05e3d64d99e0e87591be22a324bdbc18925be0 \
    --hash=sha256:80f1df8dbe9572b4b7abdfa17eb5d78dd620b1d55d9e25f834efdbee872d3aed \
    --hash=sha256:85d27ea4c889342f7e35f6d56e7e1cb345632ad592e8c51b693d7b7556043ce0 \
    --hash=sha256:8b02d8f9cb83c52578a0b4beadba92e37d83a4ef11570a8688bbf43f4ca50909 \
    --hash=sha256:8ce2e8411c7aaef53e6bb29fe98f28cd4fbd9a1d9be2eeea434331aac0536b22 \
    --hash=sha256:8f4f3724c068be008c08257207210c138d5f3731af6c155a81c2b09a9eb3a788 \
    --hash=sha256:9622e3b6c1d8b551b6e6f21873bdcc55762b4b2126633014cea1803368a9aa16 \
    --hash=sha256:9b7b0d4fd2635f54ad82785d56bc0d94f147096493a79985d0ab57aedd563156 \
    --hash=sha256:9bc7ae48b8057a611e5fe9f853baa88093b9a76303937449397899385da06fad \
    --hash=sha256:9db98ab6565c69082ec9b0d4e40dd9f6181dab0dd236d26f7a50b8b9bfbd5076 \
    --hash=sha256:9ee66787e095127116d91dea2143db65c7bb1e232f617aa5957c0d9d2a3f23a7 \
    --hash=sha256:a0a6709b47019dff32e678bc12c63008311b82b9327613f534e496dacaefb71e \
    --hash=sha256:a64dd61998416367b7ef979b73d3a85853ba9bec4c2925f74e588879a58716b6 \
    --hash=sha256:aa442755e31c64037aa7c1cb186e0b369f8416c567381852c63444dd666fb772 \
    --hash=sha256:ad275964d52e2243430472fc5d2c2334b4fc3ff9c16cb0a19254e25efa03a155 \
    --hash=sha256:b0e130705d568e2f43a17bcbe74d90958e8a16263868a12c3e0d9c8162690830 \
    --hash=sha256:b10428b3416d4f9c61f94b494681280be7686bda15898a3a9e08eb66a6d92d67 \
    --hash=sha256:b2dbea1012ccb784a65349f57bbc93730b96e85b42e9bf7b01ef40443db720b4 \
    --hash=sha256:b4ba4be812c7a40280629e55ae0b14a0aafa150dd6451297562e1764808bbe61 \
    --hash=sha256:b93a07e76d13bff9444f1a029e0af2964e654bfc2e2c2d46bfd080df5ad5f3d8 \
    --hash=sha256:bf2c33d6791c598142f00c9c4c7d47f6476731c31081331664eb26d6ab583e01 \
    --hash=sha256:c27476257b2fdcd7872d54cfd119b3a9ce4610fb85c8e32b70b42e3680a29a1e \
    --hash=sha256:c8bd62331e5032bc396a93609982a9ab6b411c05078a52f5fe3cc59234a3abd1 \
    --hash=sha256:c97209e85b5be259994eb5b69ff50c5d20cca0f458ef9abd835e262d9d88b39d \
    --hash=sha256:cc1c3bc53befb6096b84165956e886b1729634a799e9d6329a0c512ab651e579 \
    --hash=sha256:cc5d875d56e49f112b6def6813c4e3d3036d269c008bf8aef72cd08d20ca6df6 \
    --hash=sha256:d189ba1bebfbc0c0e529159631ec72bb9e9bc041f01ec6d3233d6d82eb823bc1 \
    --hash=sha256:d4e5c5edee874dce4f653dbe59db7c73a600119fbea8d31f53423586ee2aafd7 \
    --hash=sha256:d57a75d53922fc20c165016a20d9c44f73305e67c351bbc60d1adaf662e74047 \
    --hash=sha256:da3104c57bbd72948d75f6a9389e6727d2ab6333c3617f0a89d72d4940aa0443 \
    --hash=sha256:dd6b20b93b3ccc9c1b597999209e4bc5cf2853f9ee66e3fc9a400a78733ffc9a \
    --hash=sha256:e0409af9f829f87a2dfb7e259f78f317a5351f2045158be321fd135973fff7bf \
    --hash=sha256:e0b55f27f584ed623221cfe995c912c61606be8513bfa0e07d2c674b4516d9dd \
    --hash=sha256:e616e7154c37669fc1dfc14584f11e284e05d1c650e1c0f972f281c4ccc53193 \
    --hash=sha256:e6def7eed9e7fa90fde255afaf08060dc4b343bbe524a8f69bdd2a2f0018f600 \
    --hash=sha256:ea926cfbc3957090becbcbbb65ad177161a2ff2ad578b5a6ec9bb1e1cd78753c \
    --hash=sha256:f0d3348c95b766f54b76116d53d4cb171b52992a1027e7ca50c81b43b9d9e363 \
    --hash=sha256:f6b0c664ccb879109ee3ca702a9272d877f4fcd21e5eb63c26422fd6e415365e \
    --hash=sha256:f781dcb0bc9929adc77bad571b8621ecb1e4cdef86e940fe2e5b5ee24fd33b35 \
    --hash=sha256:f91ebf30830a48c825590aede79376cb40f110b387c17ee9bd59932c961044f9 \
    --hash=sha256:fdec757fea0b793056419bca3e9932eb2b0ceec90ef4813ea4c1e072c389eb28 \
    --hash=sha256:fe15238d3798788d00716637b3d4e7bb6bde18b26e5d08335a96e88564a36b6b
    # via -r requirements.in
psutil==7.0.0 \
    --hash=sha256:101d71dc322e3cffd7cea0650b09b3d08b8e7c4109dd6809fe452dfd00e58b25 \
    --hash=sha256:1e744154a6580bc968a0195fd25e80432d3afec619daf145b9e5ba16cc1d688e \
    --hash=sha256:1fcee592b4c6f146991ca55919ea3d1f8926497a713ed7faaf8225e174581e91 \
    --hash=sha256:39db632f6bb862eeccf56660871433e111b6ea58f2caea825571951d4b6aa3da \
    --hash=sha256:4b1388a4f6875d7e2aff5c4ca1cc16c545ed41dd8bb596cefea80111db353a34 \
    --hash=sha256:4cf3d4eb1aa9b348dec30105c55cd9b7d4629285735a102beb4441e38db90553 \
    --hash=sha256:7be9c3eba38beccb6495ea33afd982a44074b78f28c434a1f51cc07fd315c456 \
    --hash=sha256:84df4eb63e16849689f76b1ffcb36db7b8de703d1bc1fe41773db487621b6c17 \
    --hash=sha256:a5f098451abc2828f7dc6b58d44b532b22f2088f4999a937557b603ce72b1993 \
    --hash=sha256:ba3fcef7523064a6c9da440fc4d6bd07da93ac726b5733c29027d7dc95b39d99
    # via -r requirements.in
pycparser==3.0 \
    --hash=sha256:600f49d217304a5902ac3c37e1281c9fe94e4d0489de643a9504c5cdfdfc6b29 \
    --hash=sha256:b727414169a36b7d524c1c3e31839a521725078d7b2ff038656844266160a992
    # via cffi
pydantic==2.11.4 \
    --hash=sha256:32738d19d63a226a52eed76645a98ee07c1f410ee41d93b4afbfa85ed8111c2d \
    --hash=sha256:d9615eaa9ac5a063471da949c8fc16376a84afb5024688b3ff885693506764eb
    # via
    #   -r requirements.in
    #   fastapi
pydantic-core==2.33.2 \
    --hash=sha256:0069c9acc3f3981b9ff4cdfaf088e98d83440a4c7ea1bc07460af3d4dc22e72d \
    --hash=sha256:031c57d67ca86902726e0fae2214ce6770bbe2f710dc33063187a68744a5ecac \
    --hash=sha256:0405262705a123b7ce9f0b92f123334d67b70fd1f20a9372b907ce1080c7ba02 \
    --hash=sha256:04a1a413977ab517154eebb2d326da71638271477d6ad87a769102f7c2488c56 \
    --hash=sha256:09fb9dd6571aacd023fe6aaca316bd01cf60ab27240d7eb39ebd66a3a15293b4 \
    --hash=sha256:0a39979dcbb70998b0e505fb1556a1d550a0781463ce84ebf915ba293ccb7e22 \
    --hash=sha256:0a9f2c9dd19656823cb8250b0724ee9c60a82f3cdf68a080979d13092a3b0fef \
    --hash=sha256:0e03262ab796d986f978f79c943fc5f620381be7287148b8010b4097f79a39ec \
    --hash=sha256:0e5b2671f05ba48b94cb90ce55d8bdcaaedb8ba00cc5359f6810fc918713983d \
    --hash=sha256:0e6116757f7959a712db11f3e9c0a99ade00a5bbedae83cb801985aa154f071b \
    --hash=sha256:0fb2d542b4d66f9470e8065c5469ec676978d625a8b7a363f07d9a501a9cb36a \
    --hash=sha256:1082dd3e2d7109ad8b7da48e1d4710c8d06c253cbc4a27c1cff4fbcaa97a9e3f \
    --hash=sha256:1a8695a8d00c73e50bff9dfda4d540b7dee29ff9b8053e38380426a85ef10052 \
    --hash=sha256:1e063337ef9e9820c77acc768546325ebe04ee38b08703244c1309cccc4f1bab \
    --hash=sha256:1ea40a64d23faa25e62a70ad163571c0b342b8bf66d5fa612ac0dec4f069d916 \
    --hash=sha256:2058a32994f1fde4ca0480ab9d1e75a0e8c87c22b53a3ae66554f9af78f2fe8c \
    --hash=sha256:235f45e5dbcccf6bd99f9f472858849f73d11120d76ea8707115415f8e5ebebf \
    --hash=sha256:2807668ba86cb38c6817ad9bc66215ab8584d1d304030ce4f0887336f28a5e27 \
    --hash=sha256:2b0a451c263b01acebe51895bfb0e1cc842a5c666efe06cdf13846c7418caa9a \
    --hash=sha256:2b3d326aaef0c0399d9afffeb6367d5e26ddc24d351dbc9c636840ac355dc5d8 \
    --hash=sha256:2bfb5112df54209d820d7bf9317c7a6c9025ea52e49f46b6a2060104bba37de7 \
    --hash=sha256:2f82865531efd18d6e07a04a17331af02cb7a651583c418df8266f17a63c6612 \
    --hash=sha256:329467cecfb529c925cf2bbd4d60d2c509bc2fb52a20c1045bf09bb70971a9c1 \
    --hash=sha256:3a1c81334778f9e3af2f8aeb7a960736e5cab1dfebfb26aabca09afd2906c039 \
    --hash=sha256:3abcd9392a36025e3bd55f9bd38d908bd17962cc49bc6da8e7e96285336e2bca \
    --hash=sha256:3c6db6e52c6d70aa0d00d45cdb9b40f0433b96380071ea80b09277dba021ddf7 \
    --hash=sha256:3dc625f4aa79713512d1976fe9f0bc99f706a9dee21dfd1810b4bbbf228d0e8a \
    --hash=sha256:3eb3fe62804e8f859c49ed20a8451342de53ed764150cb14ca71357c765dc2a6 \
    --hash=sha256:44857c3227d3fb5e753d5fe4a3420d6376fa594b07b621e220cd93703fe21782 \
    --hash=sha256:4b25d91e288e2c4e0662b8038a28c6a07eaac3e196cfc4ff69de4ea3db992a1b \
    --hash=sha256:4c5b0a576fb381edd6d27f0a85915c6daf2f8138dc5c267a57c08a62900758c7 \
    --hash=sha256:4e61206137cbc65e6d5256e1166f88331d3b6238e082d9f74613b9b765fb9025 \
    --hash=sha256:52fb90784e0a242bb96ec53f42196a17278855b0f31ac7c3cc6f5c1ec4811849 \
    --hash=sha256:53a57d2ed685940a504248187d5685e49eb5eef0f696853647bf37c418c538f7 \
    --hash=sha256:572c7e6c8bb4774d2ac88929e3d1f12bc45714ae5ee6d9a788a9fb35e60bb04b \
    --hash=sha256:5c4aa4e82353f65e548c476b37e64189783aa5384903bfea4f41580f255fddfa \
    --hash=sha256:5c92edd15cd58b3c2d34873597a1e20f13094f59cf88068adb18947df5455b4e \
    --hash=sha256:5f483cfb75ff703095c59e365360cb73e00185e01aaea067cd19acffd2ab20ea \
    --hash=sha256:61c18fba8e5e9db3ab908620af374db0ac1baa69f0f32df4f61ae23f15e586ac \
    --hash=sha256:6368900c2d3ef09b69cb0b913f9f8263b03786e5b2a387706c5afb66800efd51 \
    --hash=sha256:64632ff9d614e5eecfb495796ad51b0ed98c453e447a76bcbeeb69615079fc7e \
    --hash=sha256:65132b7b4a1c0beded5e057324b7e16e10910c106d43675d9bd87d4f38dde162 \
    --hash=sha256:6b99022f1d19bc32a4c2a0d544fc9a76e3be90f0b3f4af413f87d38749300e65 \
    --hash=sha256:6bdfe4b3789761f3bcb4b1ddf33355a71079858958e3a552f16d5af19768fef2 \
    --hash=sha256:6fa6dfc3e4d1f734a34710f391ae822e0a8eb8559a85c6979e14e65ee6ba2954 \
    --hash=sha256:73662edf539e72a9440129f231ed3757faab89630d291b784ca99237fb94db2b \
    --hash=sha256:73cf6373c21bc80b2e0dc88444f41ae60b2f070ed02095754eb5a01df12256de \
    --hash=sha256:7cb8bc3605c29176e1b105350d2e6474142d7c1bd1d9327c4a9bdb46bf827acc \
    --hash=sha256:7f92c15cd1e97d4b12acd1cc9004fa092578acfa57b67ad5e43a197175d01a64 \
    --hash=sha256:82f68293f055f51b51ea42fafc74b6aad03e70e191799430b90c13d643059ebb \
    --hash=sha256:83aa99b1285bc8f038941ddf598501a86f1536789740991d7d8756e34f1e74d9 \
    --hash=sha256:87acbfcf8e90ca885206e98359d7dca4bcbb35abdc0ff66672a293e1d7a19101 \
    --hash=sha256:87b31b6846e361ef83fedb187bb5b4372d0da3f7e28d85415efa92d6125d6e6d \
    --hash=sha256:881b21b5549499972441da4758d662aeea93f1923f953e9cbaff14b8b9565aef \
    --hash=sha256:8d55ab81c57b8ff8548c3e4947f119551253f4e3787a7bbc0b6b3ca47498a9d3 \
    --hash=sha256:8f57a69461af2a5fa6e6bbd7a5f60d3b7e6cebb687f55106933188e79ad155c1 \
    --hash=sha256:95237e53bb015f67b63c91af7518a62a8660376a6a0db19b89acc77a4d6199f5 \
    --hash=sha256:96081f1605125ba0855dfda83f6f3df5ec90c61195421ba72223de35ccfb2f88 \
    --hash=sha256:970919794d126ba8645f3837ab6046fb4e72bbc057b3709144066204c19a455d \
    --hash=sha256:9cb1da0f5a471435a7bc7e439b8a728e8b61e59784b2af70d7c169f8dd8ae290 \
    --hash=sha256:9fcd347d2cc5c23b06de6d3b7b8275be558a0c90549495c699e379a80bf8379e \
    --hash=sha256:9fdac5d6ffa1b5a83bca06ffe7583f5576555e6c8b3a91fbd25ea7780f825f7d \
    --hash=sha256:a11c8d26a50bfab49002947d3d237abe4d9e4b5bdc8846a63537b6488e197808 \
    --hash=sha256:a144d4f717285c6d9234a66778059f33a89096dfb9b39117663fd8413d582dcc \
    --hash=sha256:a2b911a5b90e0374d03813674bf0a5fbbb7741570dcd4b4e85a2e48d17def29d \
    --hash=sha256:a7ec89dc587667f22b6a0b6579c249fca9026ce7c333fc142ba42411fa243cdc \
    --hash=sha256:aa9d91b338f2df0508606f7009fde642391425189bba6d8c653afd80fd6bb64e \
    --hash=sha256:b0379a2b24882fef529ec3b4987cb5d003b9cda32256024e6fe1586ac45fc640 \
    --hash=sha256:bc7aee6f634a6f4a95676fcb5d6559a2c2a390330098dba5e5a5f28a2e4ada30 \
    --hash=sha256:bdc25f3681f7b78572699569514036afe3c243bc3059d3942624e936ec93450e \
    --hash=sha256:c083a3bdd5a93dfe480f1125926afcdbf2917ae714bdb80b36d34318b2bec5d9 \
    --hash=sha256:c20c462aa4434b33a2661701b861604913f912254e441ab8d78d30485736115a \
    --hash=sha256:c2fc0a768ef76c15ab9238afa6da7f69895bb5d1ee83aeea2e3509af4472d0b9 \
    --hash=sha256:c52b02ad8b4e2cf14ca7b3d918f3eb0ee91e63b3167c32591e57c4317e134f8f \
    --hash=sha256:c54c939ee22dc8e2d545da79fc5381f1c020d6d3141d3bd747eab59164dc89fb \
    --hash=sha256:c8e7af2f4e0194c22b5b37205bfb293d166a7344a5b0d0eaccebc376546d77d5 \
    --hash=sha256:cca3868ddfaccfbc4bfb1d608e2ccaaebe0ae628e1416aeb9c4d88c001bb45ab \
    --hash=sha256:d3f26877a748dc4251cfcfda9dfb5f13fcb034f5308388066bcfe9031b63ae7d \
    --hash=sha256:d53b22f2032c42eaaf025f7c40c2e3b94568ae077a606f006d206a463bc69572 \
    --hash=sha256:d87c561733f66531dced0da6e864f44ebf89a8fba55f31407b00c2f7f9449593 \
    --hash=sha256:d946c8bf0d5c24bf4fe333af284c59a19358aa3ec18cb3dc4370080da1e8ad29 \
    --hash=sha256:dac89aea9af8cd672fa7b510e7b8c33b0bba9a43186680550ccf23020f32d535 \
    --hash=sha256:db4b41f9bd95fbe5acd76d89920336ba96f03e149097365afe1cb092fceb89a1 \
    --hash=sha256:dc46a01bf8d62f227d5ecee74178ffc448ff4e5197c756331f71efcc66dc980f \
    --hash=sha256:dd14041875d09cc0f9308e37a6f8b65f5585cf2598a53aa0123df8b129d481f8 \
    --hash=sha256:de4b83bb311557e439b9e186f733f6c645b9417c84e2eb8203f3f820a4b988bf \
    --hash=sha256:e799c050df38a639db758c617ec771fd8fb7a5f8eaaa4b27b101f266b216a246 \
    --hash=sha256:e80b087132752f6b3d714f041ccf74403799d3b23a72722ea2e6ba2e892555b9 \
    --hash=sha256:eb8c529b2819c37140eb51b914153063d27ed88e3bdc31b71198a198e921e011 \
    --hash=sha256:eb9b459ca4df0e5c87deb59d37377461a538852765293f9e6ee834f0435a93b9 \
    --hash=sha256:efec8db3266b76ef9607c2c4c419bdb06bf335ae433b80816089ea7585816f6a \
    --hash=sha256:f481959862f57f29601ccced557cc2e817bce7533ab8e01a797a48b49c9692b3 \
    --hash=sha256:f517ca031dfc037a9c07e748cefd8d96235088b83b4f4ba8939105d20fa1dcd6 \
    --hash=sha256:f889f7a40498cc077332c7ab6b4608d296d852182211787d4f3ee377aaae66e8 \
    --hash=sha256:f8de619080e944347f5f20de29a975c2d815d9ddd8be9b9b7268e2e3ef68605a \
    --hash=sha256:f941635f2a3d96b2973e867144fde513665c87f13fe0e193c158ac51bfaaa7b2 \
    --hash=sha256:fa754d1850735a0b0e03bcffd9d4b4343eb417e47196e4485d9cca326073a42c \
    --hash=sha256:fa854f5cf7e33842a892e5c73f45327760bc7bc516339fda888c75ae60edaeb6 \
    --hash=sha256:fe5b32187cbc0c862ee201ad66c30cf218e5ed468ec8dc1cf49dec66e160cc4d
    # via pydantic
pypdf==5.5.0 \
    --hash=sha256:2f61f2d32dde00471cd70b8977f98960c64e84dd5ba0d070e953fcb4da0b2a73 \
    --hash=sha256:8ce6a18389f7394fd09a1d4b7a34b097b11c19088a23cfd09e5008f85893e254
    # via -r requirements.in
python-multipart==0.0.20 \
    --hash=sha256:8a62d3a8335e06589fe01f2a3e178cdcc632f3fbe0d492ad9ee0ec35aab1f104 \
    --hash=sha256:8dd0cab45b8e23064ae09147625994d090fa46f5b0d1e13af944c331a7fa9d13
    # via -r requirements.in
starlette==0.46.2 \
    --hash=sha256:595633ce89f8ffa71a015caed34a5b2dc1c0cdb3f0f1fbd1e69339cf2abeec35 \
    --hash=sha256:7f7361f34eed179294600af672f565727419830b54b7b084efe44bb82d2fccd5
    # via fastapi
typing-extensions==4.16.0 \
    --hash=sha256:481caa481374e813c1b176ada14e97f1f67a4539ce9cfeb3f350d78d6370c2e8 \
    --hash=sha256:dc983d19a509c94dba722ee6abd33940f7c05a89e243c47e907eb4db6f1a43e5
    # via
    #   anyio
    #   fastapi
    #   pydantic
    #   pydantic-core
    #   typing-inspection
typing-inspection==0.4.4 \
    --hash=sha256:547274fa6b0a561ccf549cc9524b999a578e737d015d8709d021f9d0d13bea47 \
    --hash=sha256:65b8397ba37ccbce054456aaccddfc91e6e3083c92824df348d96ca832f3f147
    # via pydantic
uvicorn==0.34.2 \
    --hash=sha256:0e929828f6186353a80b58ea719861d2629d766293b6d19baf086ba31d4f3328 \
    --hash=sha256:deb49af569084536d269fe0a6d67e3754f104cf03aba7c11c40f01aadf33c403
    # via -r requirements.in
wasmtime==32.0.0 \
    --hash=sha256:33ae41f6ac9a3435444c3135c8364590633a331cba5e1bab7554f0436ce7c6c4 \
    --hash=sha256:4566a5fd5f6c2832c703b13d029b660203756ade8f297ed50a62f2a53e7c55dd \
    --hash=sha256:4d7aa59936f9db651048e0192ff2ae8e94923379b2c0c31b748da8062f90c3fc \
    --hash=sha256:6a7b07e04536b7ce27befb1a5f498353a4d7cbd908c89e0f1af40445692e2391 \
    --hash=sha256:7b42281481a0b73d11064618920b1c2e42194b1a23f2e3c811f53936314c1ef1 \
    --hash=sha256:7e8eb93b05620f23f9e3093723ae1f0407b551d6c0aa9c15316604bf51751f2f \
    --hash=sha256:daa99b76994f2a3526a9ebc3be763550830de36ded676329ef9db2c1686a25b4 \
    --hash=sha256:e8b884aa2adc2ec99869212f655ff1579ee201b81b483a9804e0187381263919
    # via -r requirements.in
